// !$*UTF8*$!
{
	archiveVersion = 1;
	classes = {
	};
	objectVersion = 51;
	objects = {

/* Begin PBXBuildFile section */
		2E263ACE258E465B005E2051 /* UIView+Extension.swift in Sources */ = {isa = PBXBuildFile; fileRef = 2E263ACD258E465B005E2051 /* UIView+Extension.swift */; };
		2EB7D2AC258C8651009B3888 /* AppDelegate.swift in Sources */ = {isa = PBXBuildFile; fileRef = 2EB7D2AB258C8651009B3888 /* AppDelegate.swift */; };
		2EB7D2AE258C8651009B3888 /* SceneDelegate.swift in Sources */ = {isa = PBXBuildFile; fileRef = 2EB7D2AD258C8651009B3888 /* SceneDelegate.swift */; };
		2EB7D2B0258C8651009B3888 /* ViewController.swift in Sources */ = {isa = PBXBuildFile; fileRef = 2EB7D2AF258C8651009B3888 /* ViewController.swift */; };
		2EB7D2B3258C8651009B3888 /* Main.storyboard in Resources */ = {isa = PBXBuildFile; fileRef = 2EB7D2B1258C8651009B3888 /* Main.storyboard */; };
		2EB7D2B5258C8652009B3888 /* Assets.xcassets in Resources */ = {isa = PBXBuildFile; fileRef = 2EB7D2B4258C8652009B3888 /* Assets.xcassets */; };
		2EB7D2B8258C8652009B3888 /* LaunchScreen.storyboard in Resources */ = {isa = PBXBuildFile; fileRef = 2EB7D2B6258C8652009B3888 /* LaunchScreen.storyboard */; };
		630D7D6ED406D57E55051864 /* Pods_layout.framework in Frameworks */ = {isa = PBXBuildFile; fileRef = 65259930DD5B90ED77A6044D /* Pods_layout.framework */; };
/* End PBXBuildFile section */

/* Begin PBXFileReference section */
		1AFECF3E28C1753DAA273C2A /* Pods-layout.release.xcconfig */ = {isa = PBXFileReference; includeInIndex = 1; lastKnownFileType = text.xcconfig; name = "Pods-layout.release.xcconfig"; path = "Target Support Files/Pods-layout/Pods-layout.release.xcconfig"; sourceTree = "<group>"; };
		2E263ACD258E465B005E2051 /* UIView+Extension.swift */ = {isa = PBXFileReference; fileEncoding = 4; lastKnownFileType = sourcecode.swift; path = "UIView+Extension.swift"; sourceTree = "<group>"; };
		2EB7D2A8258C8651009B3888 /* layout.app */ = {isa = PBXFileReference; explicitFileType = wrapper.application; includeInIndex = 0; path = layout.app; sourceTree = BUILT_PRODUCTS_DIR; };
		2EB7D2AB258C8651009B3888 /* AppDelegate.swift */ = {isa = PBXFileReference; lastKnownFileType = sourcecode.swift; path = AppDelegate.swift; sourceTree = "<group>"; };
		2EB7D2AD258C8651009B3888 /* SceneDelegate.swift */ = {isa = PBXFileReference; lastKnownFileType = sourcecode.swift; path = SceneDelegate.swift; sourceTree = "<group>"; };
		2EB7D2AF258C8651009B3888 /* ViewController.swift */ = {isa = PBXFileReference; lastKnownFileType = sourcecode.swift; path = ViewController.swift; sourceTree = "<group>"; };
		2EB7D2B2258C8651009B3888 /* Base */ = {isa = PBXFileReference; lastKnownFileType = file.storyboard; name = Base; path = Base.lproj/Main.storyboard; sourceTree = "<group>"; };
		2EB7D2B4258C8652009B3888 /* Assets.xcassets */ = {isa = PBXFileReference; lastKnownFileType = folder.assetcatalog; path = Assets.xcassets; sourceTree = "<group>"; };
		2EB7D2B7258C8652009B3888 /* Base */ = {isa = PBXFileReference; lastKnownFileType = file.storyboard; name = Base; path = Base.lproj/LaunchScreen.storyboard; sourceTree = "<group>"; };
		2EB7D2B9258C8652009B3888 /* Info.plist */ = {isa = PBXFileReference; lastKnownFileType = text.plist.xml; path = Info.plist; sourceTree = "<group>"; };
		3E64B44F46A891FCBCCFEFED /* Pods-layout.debug.xcconfig */ = {isa = PBXFileReference; includeInIndex = 1; lastKnownFileType = text.xcconfig; name = "Pods-layout.debug.xcconfig"; path = "Target Support Files/Pods-layout/Pods-layout.debug.xcconfig"; sourceTree = "<group>"; };
		65259930DD5B90ED77A6044D /* Pods_layout.framework */ = {isa = PBXFileReference; explicitFileType = wrapper.framework; includeInIndex = 0; path = Pods_layout.framework; sourceTree = BUILT_PRODUCTS_DIR; };
/* End PBXFileReference section */

/* Begin PBXFrameworksBuildPhase section */
		2EB7D2A5258C8651009B3888 /* Frameworks */ = {
			isa = PBXFrameworksBuildPhase;
			buildActionMask = 2147483647;
			files = (
				630D7D6ED406D57E55051864 /* Pods_layout.framework in Frameworks */,
			);
			runOnlyForDeploymentPostprocessing = 0;
		};
/* End PBXFrameworksBuildPhase section */

/* Begin PBXGroup section */
		2EB7D29F258C8651009B3888 = {
			isa = PBXGroup;
			children = (
				2EB7D2AA258C8651009B3888 /* layout */,
				2EB7D2A9258C8651009B3888 /* Products */,
				FBA7F231CC216D4D37FA52E5 /* Pods */,
				C7591B4AB7E8E420C2B3ADE2 /* Frameworks */,
			);
			sourceTree = "<group>";
		};
		2EB7D2A9258C8651009B3888 /* Products */ = {
			isa = PBXGroup;
			children = (
				2EB7D2A8258C8651009B3888 /* layout.app */,
			);
			name = Products;
			sourceTree = "<group>";
		};
		2EB7D2AA258C8651009B3888 /* layout */ = {
			isa = PBXGroup;
			children = (
				2E263ACD258E465B005E2051 /* UIView+Extension.swift */,
				2EB7D2AB258C8651009B3888 /* AppDelegate.swift */,
				2EB7D2AD258C8651009B3888 /* SceneDelegate.swift */,
				2EB7D2AF258C8651009B3888 /* ViewController.swift */,
				2EB7D2B1258C8651009B3888 /* Main.storyboard */,
				2EB7D2B4258C8652009B3888 /* Assets.xcassets */,
				2EB7D2B6258C8652009B3888 /* LaunchScreen.storyboard */,
				2EB7D2B9258C8652009B3888 /* Info.plist */,
			);
			path = layout;
			sourceTree = "<group>";
		};
		C7591B4AB7E8E420C2B3ADE2 /* Frameworks */ = {
			isa = PBXGroup;
			children = (
				65259930DD5B90ED77A6044D /* Pods_layout.framework */,
			);
			name = Frameworks;
			sourceTree = "<group>";
		};
		FBA7F231CC216D4D37FA52E5 /* Pods */ = {
			isa = PBXGroup;
			children = (
				3E64B44F46A891FCBCCFEFED /* Pods-layout.debug.xcconfig */,
				1AFECF3E28C1753DAA273C2A /* Pods-layout.release.xcconfig */,
			);
			path = Pods;
			sourceTree = "<group>";
		};
/* End PBXGroup section */

/* Begin PBXNativeTarget section */
		2EB7D2A7258C8651009B3888 /* layout */ = {
			isa = PBXNativeTarget;
			buildConfigurationList = 2EB7D2BC258C8652009B3888 /* Build configuration list for PBXNativeTarget "layout" */;
			buildPhases = (
				9565921FFFE7B34D5EEDFCF3 /* [CP] Check Pods Manifest.lock */,
				2EB7D2A4258C8651009B3888 /* Sources */,
				2EB7D2A5258C8651009B3888 /* Frameworks */,
				2EB7D2A6258C8651009B3888 /* Resources */,
				F60D91E8982CCEDC056B96CD /* [CP] Embed Pods Frameworks */,
			);
			buildRules = (
			);
			dependencies = (
			);
			name = layout;
			productName = layout;
			productReference = 2EB7D2A8258C8651009B3888 /* layout.app */;
			productType = "com.apple.product-type.application";
		};
/* End PBXNativeTarget section */

/* Begin PBXProject section */
		2EB7D2A0258C8651009B3888 /* Project object */ = {
			isa = PBXProject;
			attributes = {
				LastSwiftUpdateCheck = 1230;
				LastUpgradeCheck = 1230;
				TargetAttributes = {
					2EB7D2A7258C8651009B3888 = {
						CreatedOnToolsVersion = 12.3;
					};
				};
			};
			buildConfigurationList = 2EB7D2A3258C8651009B3888 /* Build configuration list for PBXProject "layout" */;
			compatibilityVersion = "Xcode 9.3";
			developmentRegion = en;
			hasScannedForEncodings = 0;
			knownRegions = (
				en,
				Base,
			);
			mainGroup = 2EB7D29F258C8651009B3888;
			productRefGroup = 2EB7D2A9258C8651009B3888 /* Products */;
			projectDirPath = "";
			projectRoot = "";
			targets = (
				2EB7D2A7258C8651009B3888 /* layout */,
			);
		};
/* End PBXProject section */

/* Begin PBXResourcesBuildPhase section */
		2EB7D2A6258C8651009B3888 /* Resources */ = {
			isa = PBXResourcesBuildPhase;
			buildActionMask = 2147483647;
			files = (
				2EB7D2B8258C8652009B3888 /* LaunchScreen.storyboard in Resources */,
				2EB7D2B5258C8652009B3888 /* Assets.xcassets in Resources */,
				2EB7D2B3258C8651009B3888 /* Main.storyboard in Resources */,
			);
			runOnlyForDeploymentPostprocessing = 0;
		};
/* End PBXResourcesBuildPhase section */

/* Begin PBXShellScriptBuildPhase section */
		9565921FFFE7B34D5EEDFCF3 /* [CP] Check Pods Manifest.lock */ = {
			isa = PBXShellScriptBuildPhase;
			buildActionMask = 2147483647;
			files = (
			);
			inputFileListPaths = (
			);
			inputPaths = (
				"${PODS_PODFILE_DIR_PATH}/Podfile.lock",
				"${PODS_ROOT}/Manifest.lock",
			);
			name = "[CP] Check Pods Manifest.lock";
			outputFileListPaths = (
			);
			outputPaths = (
				"$(DERIVED_FILE_DIR)/Pods-layout-checkManifestLockResult.txt",
			);
			runOnlyForDeploymentPostprocessing = 0;
			shellPath = /bin/sh;
			shellScript = "diff \"${PODS_PODFILE_DIR_PATH}/Podfile.lock\" \"${PODS_ROOT}/Manifest.lock\" > /dev/null\nif [ $? != 0 ] ; then\n    # print error to STDERR\n    echo \"error: The sandbox is not in sync with the Podfile.lock. Run 'pod install' or update your CocoaPods installation.\" >&2\n    exit 1\nfi\n# This output is used by Xcode 'outputs' to avoid re-running this script phase.\necho \"SUCCESS\" > \"${SCRIPT_OUTPUT_FILE_0}\"\n";
			showEnvVarsInLog = 0;
		};
		F60D91E8982CCEDC056B96CD /* [CP] Embed Pods Frameworks */ = {
			isa = PBXShellScriptBuildPhase;
			buildActionMask = 2147483647;
			files = (
			);
			inputFileListPaths = (
				"${PODS_ROOT}/Target Support Files/Pods-layout/Pods-layout-frameworks-${CONFIGURATION}-input-files.xcfilelist",
			);
			name = "[CP] Embed Pods Frameworks";
			outputFileListPaths = (
				"${PODS_ROOT}/Target Support Files/Pods-layout/Pods-layout-frameworks-${CONFIGURATION}-output-files.xcfilelist",
			);
			runOnlyForDeploymentPostprocessing = 0;
			shellPath = /bin/sh;
			shellScript = "\"${PODS_ROOT}/Target Support Files/Pods-layout/Pods-layout-frameworks.sh\"\n";
			showEnvVarsInLog = 0;
		};
/* End PBXShellScriptBuildPhase section */

/* Begin PBXSourcesBuildPhase section */
		2EB7D2A4258C8651009B3888 /* Sources */ = {
			isa = PBXSourcesBuildPhase;
			buildActionMask = 2147483647;
			files = (
				2EB7D2B0258C8651009B3888 /* ViewController.swift in Sources */,
				2EB7D2AC258C8651009B3888 /* AppDelegate.swift in Sources */,
				2E263ACE258E465B005E2051 /* UIView+Extension.swift in Sources */,
				2EB7D2AE258C8651009B3888 /* SceneDelegate.swift in Sources */,
			);
			runOnlyForDeploymentPostprocessing = 0;
		};
/* End PBXSourcesBuildPhase section */

/* Begin PBXVariantGroup section */
		2EB7D2B1258C8651009B3888 /* Main.storyboard */ = {
			isa = PBXVariantGroup;
			children = (
				2EB7D2B2258C8651009B3888 /* Base */,
			);
			name = Main.storyboard;
			sourceTree = "<group>";
		};
		2EB7D2B6258C8652009B3888 /* LaunchScreen.storyboard */ = {
			isa = PBXVariantGroup;
			children = (
				2EB7D2B7258C8652009B3888 /* Base */,
			);
			name = LaunchScreen.storyboard;
			sourceTree = "<group>";
		};
/* End PBXVariantGroup section */

/* Begin XCBuildConfiguration section */
		2EB7D2BA258C8652009B3888 /* Debug */ = {
			isa = XCBuildConfiguration;
			buildSettings = {
				ALWAYS_SEARCH_USER_PATHS = NO;
				CLANG_ANALYZER_NONNULL = YES;
				CLANG_ANALYZER_NUMBER_OBJECT_CONVERSION = YES_AGGRESSIVE;
				CLANG_CXX_LANGUAGE_STANDARD = "gnu++14";
				CLANG_CXX_LIBRARY = "libc++";
				CLANG_ENABLE_MODULES = YES;
				CLANG_ENABLE_OBJC_ARC = YES;
				CLANG_ENABLE_OBJC_WEAK = YES;
				CLANG_WARN_BLOCK_CAPTURE_AUTORELEASING = YES;
				CLANG_WARN_BOOL_CONVERSION = YES;
				CLANG_WARN_COMMA = YES;
				CLANG_WARN_CONSTANT_CONVERSION = YES;
				CLANG_WARN_DEPRECATED_OBJC_IMPLEMENTATIONS = YES;
				CLANG_WARN_DIRECT_OBJC_ISA_USAGE = YES_ERROR;
				CLANG_WARN_DOCUMENTATION_COMMENTS = YES;
				CLANG_WARN_EMPTY_BODY = YES;
				CLANG_WARN_ENUM_CONVERSION = YES;
				CLANG_WARN_INFINITE_RECURSION = YES;
				CLANG_WARN_INT_CONVERSION = YES;
				CLANG_WARN_NON_LITERAL_NULL_CONVERSION = YES;
				CLANG_WARN_OBJC_IMPLICIT_RETAIN_SELF = YES;
				CLANG_WARN_OBJC_LITERAL_CONVERSION = YES;
				CLANG_WARN_OBJC_ROOT_CLASS = YES_ERROR;
				CLANG_WARN_QUOTED_INCLUDE_IN_FRAMEWORK_HEADER = YES;
				CLANG_WARN_RANGE_LOOP_ANALYSIS = YES;
				CLANG_WARN_STRICT_PROTOTYPES = YES;
				CLANG_WARN_SUSPICIOUS_MOVE = YES;
				CLANG_WARN_UNGUARDED_AVAILABILITY = YES_AGGRESSIVE;
				CLANG_WARN_UNREACHABLE_CODE = YES;
				CLANG_WARN__DUPLICATE_METHOD_MATCH = YES;
				COPY_PHASE_STRIP = NO;
				DEBUG_INFORMATION_FORMAT = dwarf;
				ENABLE_STRICT_OBJC_MSGSEND = YES;
				ENABLE_TESTABILITY = YES;
				GCC_C_LANGUAGE_STANDARD = gnu11;
				GCC_DYNAMIC_NO_PIC = NO;
				GCC_NO_COMMON_BLOCKS = YES;
				GCC_OPTIMIZATION_LEVEL = 0;
				GCC_PREPROCESSOR_DEFINITIONS = (
					"DEBUG=1",
					"$(inherited)",
				);
				GCC_WARN_64_TO_32_BIT_CONVERSION = YES;
				GCC_WARN_ABOUT_RETURN_TYPE = YES_ERROR;
				GCC_WARN_UNDECLARED_SELECTOR = YES;
				GCC_WARN_UNINITIALIZED_AUTOS = YES_AGGRESSIVE;
				GCC_WARN_UNUSED_FUNCTION = YES;
				GCC_WARN_UNUSED_VARIABLE = YES;
				IPHONEOS_DEPLOYMENT_TARGET = 14.3;
				MTL_ENABLE_DEBUG_INFO = INCLUDE_SOURCE;
				MTL_FAST_MATH = YES;
				ONLY_ACTIVE_ARCH = YES;
				SDKROOT = iphoneos;
				SWIFT_ACTIVE_COMPILATION_CONDITIONS = DEBUG;
				SWIFT_OPTIMIZATION_LEVEL = "-Onone";
			};
			name = Debug;
		};
		2EB7D2BB258C8652009B3888 /* Release */ = {
			isa = XCBuildConfiguration;
			buildSettings = {
				ALWAYS_SEARCH_USER_PATHS = NO;
				CLANG_ANALYZER_NONNULL = YES;
				CLANG_ANALYZER_NUMBER_OBJECT_CONVERSION = YES_AGGRESSIVE;
				CLANG_CXX_LANGUAGE_STANDARD = "gnu++14";
				CLANG_CXX_LIBRARY = "libc++";
				CLANG_ENABLE_MODULES = YES;
				CLANG_ENABLE_OBJC_ARC = YES;
				CLANG_ENABLE_OBJC_WEAK = YES;
				CLANG_WARN_BLOCK_CAPTURE_AUTORELEASING = YES;
				CLANG_WARN_BOOL_CONVERSION = YES;
				CLANG_WARN_COMMA = YES;
				CLANG_WARN_CONSTANT_CONVERSION = YES;
				CLANG_WARN_DEPRECATED_OBJC_IMPLEMENTATIONS = YES;
				CLANG_WARN_DIRECT_OBJC_ISA_USAGE = YES_ERROR;
				CLANG_WARN_DOCUMENTATION_COMMENTS = YES;
				CLANG_WARN_EMPTY_BODY = YES;
				CLANG_WARN_ENUM_CONVERSION = YES;
				CLANG_WARN_INFINITE_RECURSION = YES;
				CLANG_WARN_INT_CONVERSION = YES;
				CLANG_WARN_NON_LITERAL_NULL_CONVERSION = YES;
				CLANG_WARN_OBJC_IMPLICIT_RETAIN_SELF = YES;
				CLANG_WARN_OBJC_LITERAL_CONVERSION = YES;
				CLANG_WARN_OBJC_ROOT_CLASS = YES_ERROR;
				CLANG_WARN_QUOTED_INCLUDE_IN_FRAMEWORK_HEADER = YES;
				CLANG_WARN_RANGE_LOOP_ANALYSIS = YES;
				CLANG_WARN_STRICT_PROTOTYPES = YES;
				CLANG_WARN_SUSPICIOUS_MOVE = YES;
				CLANG_WARN_UNGUARDED_AVAILABILITY = YES_AGGRESSIVE;
				CLANG_WARN_UNREACHABLE_CODE = YES;
				CLANG_WARN__DUPLICATE_METHOD_MATCH = YES;
				COPY_PHASE_STRIP = NO;
				DEBUG_INFORMATION_FORMAT = "dwarf-with-dsym";
				ENABLE_NS_ASSERTIONS = NO;
				ENABLE_STRICT_OBJC_MSGSEND = YES;
				GCC_C_LANGUAGE_STANDARD = gnu11;
				GCC_NO_COMMON_BLOCKS = YES;
				GCC_WARN_64_TO_32_BIT_CONVERSION = YES;
				GCC_WARN_ABOUT_RETURN_TYPE = YES_ERROR;
				GCC_WARN_UNDECLARED_SELECTOR = YES;
				GCC_WARN_UNINITIALIZED_AUTOS = YES_AGGRESSIVE;
				GCC_WARN_UNUSED_FUNCTION = YES;
				GCC_WARN_UNUSED_VARIABLE = YES;
				IPHONEOS_DEPLOYMENT_TARGET = 14.3;
				MTL_ENABLE_DEBUG_INFO = NO;
				MTL_FAST_MATH = YES;
				SDKROOT = iphoneos;
				SWIFT_COMPILATION_MODE = wholemodule;
				SWIFT_OPTIMIZATION_LEVEL = "-O";
				VALIDATE_PRODUCT = YES;
			};
			name = Release;
		};
		2EB7D2BD258C8652009B3888 /* Debug */ = {
			isa = XCBuildConfiguration;
			baseConfigurationReference = 3E64B44F46A891FCBCCFEFED /* Pods-layout.debug.xcconfig */;
			buildSettings = {
				ASSETCATALOG_COMPILER_APPICON_NAME = AppIcon;
				ASSETCATALOG_COMPILER_GLOBAL_ACCENT_COLOR_NAME = AccentColor;
				CODE_SIGN_STYLE = Automatic;
				DEVELOPMENT_TEAM = UV36497CVB;
				INFOPLIST_FILE = layout/Info.plist;
				LD_RUNPATH_SEARCH_PATHS = (
					"$(inherited)",
					"@executable_path/Frameworks",
				);
				PRODUCT_BUNDLE_IDENTIFIER = com.epiens.layout;
				PRODUCT_NAME = "$(TARGET_NAME)";
				SWIFT_VERSION = 5.0;
				TARGETED_DEVICE_FAMILY = "1,2";
			};
			name = Debug;
		};
		2EB7D2BE258C8652009B3888 /* Release */ = {
			isa = XCBuildConfiguration;
			baseConfigurationReference = 1AFECF3E28C1753DAA273C2A /* Pods-layout.release.xcconfig */;
			buildSettings = {
				ASSETCATALOG_COMPILER_APPICON_NAME = AppIcon;
				ASSETCATALOG_COMPILER_GLOBAL_ACCENT_COLOR_NAME = AccentColor;
				CODE_SIGN_STYLE = Automatic;
				DEVELOPMENT_TEAM = UV36497CVB;
				INFOPLIST_FILE = layout/Info.plist;
				LD_RUNPATH_SEARCH_PATHS = (
					"$(inherited)",
					"@executable_path/Frameworks",
				);
				PRODUCT_BUNDLE_IDENTIFIER = com.epiens.layout;
				PRODUCT_NAME = "$(TARGET_NAME)";
				SWIFT_VERSION = 5.0;
				TARGETED_DEVICE_FAMILY = "1,2";
			};
			name = Release;
		};
/* End XCBuildConfiguration section */

/* Begin XCConfigurationList section */
		2EB7D2A3258C8651009B3888 /* Build configuration list for PBXProject "layout" */ = {
			isa = XCConfigurationList;
			buildConfigurations = (
				2EB7D2BA258C8652009B3888 /* Debug */,
				2EB7D2BB258C8652009B3888 /* Release */,
			);
			defaultConfigurationIsVisible = 0;
			defaultConfigurationName = Release;
		};
		2EB7D2BC258C8652009B3888 /* Build configuration list for PBXNativeTarget "layout" */ = {
			isa = XCConfigurationList;
			buildConfigurations = (
				2EB7D2BD258C8652009B3888 /* Debug */,
				2EB7D2BE258C8652009B3888 /* Release */,
			);
			defaultConfigurationIsVisible = 0;
			defaultConfigurationName = Release;
		};
/* End XCConfigurationList section */
	};
	rootObject = 2EB7D2A0258C8651009B3888 /* Project object */;
}
